
Microsoft Visual Studio Solution File, Format Version 11.00
# Visual Studio 2010
Project("{159641D6-6404-4A2A-AE62-294DE0FE8301}") = "AdBaseDevSync", "AdBaseDevSync.dtproj", "{E9A38A79-C597-492B-8BF0-4CC01F45F8B1}"
EndProject
Global
	GlobalSection(SolutionConfigurationPlatforms) = preSolution
		Development|Default = Development|Default
	EndGlobalSection
	GlobalSection(ProjectConfigurationPlatforms) = postSolution
		{E9A38A79-C597-492B-8BF0-4CC01F45F8B1}.Development|Default.ActiveCfg = Development
		{E9A38A79-C597-492B-8BF0-4CC01F45F8B1}.Development|Default.Build.0 = Development
	EndGlobalSection
	GlobalSection(SolutionProperties) = preSolution
		HideSolutionNode = FALSE
	EndGlobalSection
EndGlobal
